
Microsoft Visual Studio Solution File, Format Version 12.00
# Visual Studio Version 17
VisualStudioVersion = 17.4.33122.133
MinimumVisualStudioVersion = 10.0.40219.1
Project("{FAE04EC0-301F-11D3-BF4B-00C04F79EFBC}") = "DataStructure", "DataStructure.csproj", "{1F96BFFD-4713-42C1-935A-81C251BA856E}"
EndProject
Global
	GlobalSection(SolutionConfigurationPlatforms) = preSolution
		Debug|Any CPU = Debug|Any CPU
		Release|Any CPU = Release|Any CPU
	EndGlobalSection
	GlobalSection(ProjectConfigurationPlatforms) = postSolution
		{1F96BFFD-4713-42C1-935A-81C251BA856E}.Debug|Any CPU.ActiveCfg = Debug|Any CPU
		{1F96BFFD-4713-42C1-935A-81C251BA856E}.Debug|Any CPU.Build.0 = Debug|Any CPU
		{1F96BFFD-4713-42C1-935A-81C251BA856E}.Release|Any CPU.ActiveCfg = Release|Any CPU
		{1F96BFFD-4713-42C1-935A-81C251BA856E}.Release|Any CPU.Build.0 = Release|Any CPU
	EndGlobalSection
	GlobalSection(SolutionProperties) = preSolution
		HideSolutionNode = FALSE
	EndGlobalSection
	GlobalSection(ExtensibilityGlobals) = postSolution
		SolutionGuid = {4615F35C-98F4-4701-BE52-85CA6493D7C6}
	EndGlobalSection
EndGlobal
